
Microsoft Visual Studio Solution File, Format Version 12.00
# Visual Studio Version 17
VisualStudioVersion = 17.7.34031.279
MinimumVisualStudioVersion = 10.0.40219.1
Project("{FAE04EC0-301F-11D3-BF4B-00C04F79EFBC}") = "htb", "htb\htb.csproj", "{58B64FA8-65D2-47EF-96AA-DFDC3C1A9C22}"
EndProject
Global
	GlobalSection(SolutionConfigurationPlatforms) = preSolution
		Debug|Any CPU = Debug|Any CPU
		Release|Any CPU = Release|Any CPU
	EndGlobalSection
	GlobalSection(ProjectConfigurationPlatforms) = postSolution
		{58B64FA8-65D2-47EF-96AA-DFDC3C1A9C22}.Debug|Any CPU.ActiveCfg = Debug|Any CPU
		{58B64FA8-65D2-47EF-96AA-DFDC3C1A9C22}.Debug|Any CPU.Build.0 = Debug|Any CPU
		{58B64FA8-65D2-47EF-96AA-DFDC3C1A9C22}.Release|Any CPU.ActiveCfg = Release|Any CPU
		{58B64FA8-65D2-47EF-96AA-DFDC3C1A9C22}.Release|Any CPU.Build.0 = Release|Any CPU
	EndGlobalSection
	GlobalSection(SolutionProperties) = preSolution
		HideSolutionNode = FALSE
	EndGlobalSection
	GlobalSection(ExtensibilityGlobals) = postSolution
		SolutionGuid = {9AAB6AA3-6C73-481B-9FE8-5500C48879FC}
	EndGlobalSection
EndGlobal
